{
  "name": "WebDevRep",
  "lockfileVersion": 3,
  "requires": true,
  "packages": {
    "": {
      "dependencies": {
        "@a1rth/css-normalize": "^1.2.4"
      }
    },
    "node_modules/@a1rth/css-normalize": {
      "version": "1.2.4",
      "resolved": "https://registry.npmjs.org/@a1rth/css-normalize/-/css-normalize-1.2.4.tgz",
      "integrity": "sha512-yX4zrit1XbGAF33qWRd3T0jCEBUjus9ojsoxW1f3SKVIpCpc3mCSyojWuo66373cu/EDVchzK3O5mzinfq7JAQ=="
    }
  }
}
